
Microsoft Visual Studio Solution File, Format Version 12.00
# Visual Studio Version 16
VisualStudioVersion = 16.0.29806.167
MinimumVisualStudioVersion = 10.0.40219.1
Project("{FAE04EC0-301F-11D3-BF4B-00C04F79EFBC}") = "SharpWorld", "SharpWorld\SharpWorld.csproj", "{0C71F2E4-D756-4253-9C2E-9EA42EF9AD62}"
EndProject
Project("{FAE04EC0-301F-11D3-BF4B-00C04F79EFBC}") = "SharpWorld.UnitTests", "SharpWorld.UnitTests\SharpWorld.UnitTests.csproj", "{21A77046-C15D-4FB9-83A9-7821536ADEAC}"
EndProject
Global
	GlobalSection(SolutionConfigurationPlatforms) = preSolution
		Debug|Any CPU = Debug|Any CPU
		Release|Any CPU = Release|Any CPU
	EndGlobalSection
	GlobalSection(ProjectConfigurationPlatforms) = postSolution
		{0C71F2E4-D756-4253-9C2E-9EA42EF9AD62}.Debug|Any CPU.ActiveCfg = Debug|Any CPU
		{0C71F2E4-D756-4253-9C2E-9EA42EF9AD62}.Debug|Any CPU.Build.0 = Debug|Any CPU
		{0C71F2E4-D756-4253-9C2E-9EA42EF9AD62}.Release|Any CPU.ActiveCfg = Release|Any CPU
		{0C71F2E4-D756-4253-9C2E-9EA42EF9AD62}.Release|Any CPU.Build.0 = Release|Any CPU
		{21A77046-C15D-4FB9-83A9-7821536ADEAC}.Debug|Any CPU.ActiveCfg = Debug|Any CPU
		{21A77046-C15D-4FB9-83A9-7821536ADEAC}.Debug|Any CPU.Build.0 = Debug|Any CPU
		{21A77046-C15D-4FB9-83A9-7821536ADEAC}.Release|Any CPU.ActiveCfg = Release|Any CPU
		{21A77046-C15D-4FB9-83A9-7821536ADEAC}.Release|Any CPU.Build.0 = Release|Any CPU
	EndGlobalSection
	GlobalSection(SolutionProperties) = preSolution
		HideSolutionNode = FALSE
	EndGlobalSection
	GlobalSection(ExtensibilityGlobals) = postSolution
		SolutionGuid = {C75D4211-02B2-4108-A68F-27D93BB5E393}
	EndGlobalSection
EndGlobal
